
Microsoft Visual Studio Solution File, Format Version 12.00
# Visual Studio Version 17
VisualStudioVersion = 17.4.33122.133
MinimumVisualStudioVersion = 10.0.40219.1
Project("{FAE04EC0-301F-11D3-BF4B-00C04F79EFBC}") = "RazorPagesMovie", "RazorPagesMovie\RazorPagesMovie.csproj", "{8029F634-A766-4BB0-81D0-30F803DBCDCA}"
EndProject
Global
	GlobalSection(SolutionConfigurationPlatforms) = preSolution
		Debug|Any CPU = Debug|Any CPU
		Release|Any CPU = Release|Any CPU
	EndGlobalSection
	GlobalSection(ProjectConfigurationPlatforms) = postSolution
		{8029F634-A766-4BB0-81D0-30F803DBCDCA}.Debug|Any CPU.ActiveCfg = Debug|Any CPU
		{8029F634-A766-4BB0-81D0-30F803DBCDCA}.Debug|Any CPU.Build.0 = Debug|Any CPU
		{8029F634-A766-4BB0-81D0-30F803DBCDCA}.Release|Any CPU.ActiveCfg = Release|Any CPU
		{8029F634-A766-4BB0-81D0-30F803DBCDCA}.Release|Any CPU.Build.0 = Release|Any CPU
	EndGlobalSection
	GlobalSection(SolutionProperties) = preSolution
		HideSolutionNode = FALSE
	EndGlobalSection
	GlobalSection(ExtensibilityGlobals) = postSolution
		SolutionGuid = {715C858C-8893-4EE1-8F2D-C1E1CBFC435F}
	EndGlobalSection
EndGlobal
